github.com/AbduhamidTojiboev/go-bank v0.0.0-20230105140538-b080cc21eed4 h1:YtTJROLh/MzbIGazdgI9pp+J2iUAHXAIx1l4M0h/ifM=
github.com/AbduhamidTojiboev/go-bank v0.0.0-20230105140538-b080cc21eed4/go.mod h1:6YuvnOjAsV72tEaVza6b2GjmhHYcPyBEZPWfsL4eFD4=
github.com/AbduhamidTojiboev/go-bank/v2 v2.0.1 h1:X4GISuSMrwoVVCFXBY7qx08kP8/GpwTbXCrLIPyHUgQ=
github.com/AbduhamidTojiboev/go-bank/v2 v2.0.1/go.mod h1:T+Lr9B5sxiCE7aeLbcpvzNctlrzw92emKiX1BH+ja5g=
